// !$*UTF8*$!
{
	archiveVersion = 1;
	classes = {
	};
	objectVersion = 46;
	objects = {

/* Begin PBXBuildFile section */
		1C639B2F1B07A7E900E1F4EF /* JosefinSans-Bold.ttf in Resources */ = {isa = PBXBuildFile; fileRef = 1C639B2D1B07A7E900E1F4EF /* JosefinSans-Bold.ttf */; };
		1C639B301B07A7E900E1F4EF /* JosefinSans-Light.ttf in Resources */ = {isa = PBXBuildFile; fileRef = 1C639B2E1B07A7E900E1F4EF /* JosefinSans-Light.ttf */; };
		1C639B331B07CED200E1F4EF /* TextField1.png in Resources */ = {isa = PBXBuildFile; fileRef = 1C639B321B07CED200E1F4EF /* TextField1.png */; };
		1CD9259F1B059F8C00533B91 /* Key.m in Sources */ = {isa = PBXBuildFile; fileRef = 1CD9259E1B059F8C00533B91 /* Key.m */; };
		1CD925A21B059FD300533B91 /* KeyStore.m in Sources */ = {isa = PBXBuildFile; fileRef = 1CD925A11B059FD300533B91 /* KeyStore.m */; };
		1CD925A51B05AB5300533B91 /* KeyTableViewCell.m in Sources */ = {isa = PBXBuildFile; fileRef = 1CD925A41B05AB5300533B91 /* KeyTableViewCell.m */; };
		77B751581B0808F400D34784 /* Storyboard.storyboard in Resources */ = {isa = PBXBuildFile; fileRef = 77B751571B0808F400D34784 /* Storyboard.storyboard */; };
		77C02F251AFE404B00AF8997 /* main.m in Sources */ = {isa = PBXBuildFile; fileRef = 77C02F241AFE404B00AF8997 /* main.m */; };
		77C02F281AFE404B00AF8997 /* AppDelegate.m in Sources */ = {isa = PBXBuildFile; fileRef = 77C02F271AFE404B00AF8997 /* AppDelegate.m */; };
		77C02F2B1AFE404B00AF8997 /* ckeyboard.xcdatamodeld in Sources */ = {isa = PBXBuildFile; fileRef = 77C02F291AFE404B00AF8997 /* ckeyboard.xcdatamodeld */; };
		77C02F2E1AFE404B00AF8997 /* CKBMainViewController.m in Sources */ = {isa = PBXBuildFile; fileRef = 77C02F2D1AFE404B00AF8997 /* CKBMainViewController.m */; };
		77C02F311AFE404B00AF8997 /* Main.storyboard in Resources */ = {isa = PBXBuildFile; fileRef = 77C02F2F1AFE404B00AF8997 /* Main.storyboard */; };
		77C02F331AFE404B00AF8997 /* Images.xcassets in Resources */ = {isa = PBXBuildFile; fileRef = 77C02F321AFE404B00AF8997 /* Images.xcassets */; };
		77C02F361AFE404B00AF8997 /* LaunchScreen.xib in Resources */ = {isa = PBXBuildFile; fileRef = 77C02F341AFE404B00AF8997 /* LaunchScreen.xib */; };
		77C02F421AFE404B00AF8997 /* ckeyboardTests.m in Sources */ = {isa = PBXBuildFile; fileRef = 77C02F411AFE404B00AF8997 /* ckeyboardTests.m */; };
		77D48A2F1B07F68E0087EE12 /* KeyboardViewController.m in Sources */ = {isa = PBXBuildFile; fileRef = 77D48A2E1B07F68E0087EE12 /* KeyboardViewController.m */; };
		77D48A321B07F68E0087EE12 /* Keyboard.appex in Embed App Extensions */ = {isa = PBXBuildFile; fileRef = 77D48A291B07F68E0087EE12 /* Keyboard.appex */; settings = {ATTRIBUTES = (RemoveHeadersOnCopy, ); }; };
/* End PBXBuildFile section */

/* Begin PBXContainerItemProxy section */
		77C02F3C1AFE404B00AF8997 /* PBXContainerItemProxy */ = {
			isa = PBXContainerItemProxy;
			containerPortal = 77C02F171AFE404B00AF8997 /* Project object */;
			proxyType = 1;
			remoteGlobalIDString = 77C02F1E1AFE404B00AF8997;
			remoteInfo = ckeyboard;
		};
		77D48A301B07F68E0087EE12 /* PBXContainerItemProxy */ = {
			isa = PBXContainerItemProxy;
			containerPortal = 77C02F171AFE404B00AF8997 /* Project object */;
			proxyType = 1;
			remoteGlobalIDString = 77D48A281B07F68E0087EE12;
			remoteInfo = Keyboard;
		};
/* End PBXContainerItemProxy section */

/* Begin PBXCopyFilesBuildPhase section */
		77D48A361B07F68E0087EE12 /* Embed App Extensions */ = {
			isa = PBXCopyFilesBuildPhase;
			buildActionMask = 2147483647;
			dstPath = "";
			dstSubfolderSpec = 13;
			files = (
				77D48A321B07F68E0087EE12 /* Keyboard.appex in Embed App Extensions */,
			);
			name = "Embed App Extensions";
			runOnlyForDeploymentPostprocessing = 0;
		};
/* End PBXCopyFilesBuildPhase section */

/* Begin PBXFileReference section */
		1C639B2D1B07A7E900E1F4EF /* JosefinSans-Bold.ttf */ = {isa = PBXFileReference; lastKnownFileType = file; path = "JosefinSans-Bold.ttf"; sourceTree = "<group>"; };
		1C639B2E1B07A7E900E1F4EF /* JosefinSans-Light.ttf */ = {isa = PBXFileReference; lastKnownFileType = file; path = "JosefinSans-Light.ttf"; sourceTree = "<group>"; };
		1C639B321B07CED200E1F4EF /* TextField1.png */ = {isa = PBXFileReference; lastKnownFileType = image.png; path = TextField1.png; sourceTree = "<group>"; };
		1CD9259D1B059F8C00533B91 /* Key.h */ = {isa = PBXFileReference; fileEncoding = 4; lastKnownFileType = sourcecode.c.h; path = Key.h; sourceTree = "<group>"; };
		1CD9259E1B059F8C00533B91 /* Key.m */ = {isa = PBXFileReference; fileEncoding = 4; lastKnownFileType = sourcecode.c.objc; path = Key.m; sourceTree = "<group>"; };
		1CD925A01B059FD300533B91 /* KeyStore.h */ = {isa = PBXFileReference; fileEncoding = 4; lastKnownFileType = sourcecode.c.h; path = KeyStore.h; sourceTree = "<group>"; };
		1CD925A11B059FD300533B91 /* KeyStore.m */ = {isa = PBXFileReference; fileEncoding = 4; lastKnownFileType = sourcecode.c.objc; path = KeyStore.m; sourceTree = "<group>"; };
		1CD925A31B05AB5300533B91 /* KeyTableViewCell.h */ = {isa = PBXFileReference; fileEncoding = 4; lastKnownFileType = sourcecode.c.h; path = KeyTableViewCell.h; sourceTree = "<group>"; };
		1CD925A41B05AB5300533B91 /* KeyTableViewCell.m */ = {isa = PBXFileReference; fileEncoding = 4; lastKnownFileType = sourcecode.c.objc; path = KeyTableViewCell.m; sourceTree = "<group>"; };
		77B751571B0808F400D34784 /* Storyboard.storyboard */ = {isa = PBXFileReference; fileEncoding = 4; lastKnownFileType = file.storyboard; path = Storyboard.storyboard; sourceTree = "<group>"; };
		77C02F1F1AFE404B00AF8997 /* ckeyboard.app */ = {isa = PBXFileReference; explicitFileType = wrapper.application; includeInIndex = 0; path = ckeyboard.app; sourceTree = BUILT_PRODUCTS_DIR; };
		77C02F231AFE404B00AF8997 /* Info.plist */ = {isa = PBXFileReference; lastKnownFileType = text.plist.xml; path = Info.plist; sourceTree = "<group>"; };
		77C02F241AFE404B00AF8997 /* main.m */ = {isa = PBXFileReference; lastKnownFileType = sourcecode.c.objc; path = main.m; sourceTree = "<group>"; };
		77C02F261AFE404B00AF8997 /* AppDelegate.h */ = {isa = PBXFileReference; lastKnownFileType = sourcecode.c.h; path = AppDelegate.h; sourceTree = "<group>"; };
		77C02F271AFE404B00AF8997 /* AppDelegate.m */ = {isa = PBXFileReference; lastKnownFileType = sourcecode.c.objc; path = AppDelegate.m; sourceTree = "<group>"; };
		77C02F2A1AFE404B00AF8997 /* ckeyboard.xcdatamodel */ = {isa = PBXFileReference; lastKnownFileType = wrapper.xcdatamodel; path = ckeyboard.xcdatamodel; sourceTree = "<group>"; };
		77C02F2C1AFE404B00AF8997 /* CKBMainViewController.h */ = {isa = PBXFileReference; lastKnownFileType = sourcecode.c.h; path = CKBMainViewController.h; sourceTree = "<group>"; };
		77C02F2D1AFE404B00AF8997 /* CKBMainViewController.m */ = {isa = PBXFileReference; lastKnownFileType = sourcecode.c.objc; path = CKBMainViewController.m; sourceTree = "<group>"; };
		77C02F301AFE404B00AF8997 /* Base */ = {isa = PBXFileReference; lastKnownFileType = file.storyboard; name = Base; path = Base.lproj/Main.storyboard; sourceTree = "<group>"; };
		77C02F321AFE404B00AF8997 /* Images.xcassets */ = {isa = PBXFileReference; lastKnownFileType = folder.assetcatalog; path = Images.xcassets; sourceTree = "<group>"; };
		77C02F351AFE404B00AF8997 /* Base */ = {isa = PBXFileReference; lastKnownFileType = file.xib; name = Base; path = Base.lproj/LaunchScreen.xib; sourceTree = "<group>"; };
		77C02F3B1AFE404B00AF8997 /* ckeyboardTests.xctest */ = {isa = PBXFileReference; explicitFileType = wrapper.cfbundle; includeInIndex = 0; path = ckeyboardTests.xctest; sourceTree = BUILT_PRODUCTS_DIR; };
		77C02F401AFE404B00AF8997 /* Info.plist */ = {isa = PBXFileReference; lastKnownFileType = text.plist.xml; path = Info.plist; sourceTree = "<group>"; };
		77C02F411AFE404B00AF8997 /* ckeyboardTests.m */ = {isa = PBXFileReference; lastKnownFileType = sourcecode.c.objc; path = ckeyboardTests.m; sourceTree = "<group>"; };
		77D48A291B07F68E0087EE12 /* Keyboard.appex */ = {isa = PBXFileReference; explicitFileType = "wrapper.app-extension"; includeInIndex = 0; path = Keyboard.appex; sourceTree = BUILT_PRODUCTS_DIR; };
		77D48A2C1B07F68E0087EE12 /* Info.plist */ = {isa = PBXFileReference; lastKnownFileType = text.plist.xml; path = Info.plist; sourceTree = "<group>"; };
		77D48A2D1B07F68E0087EE12 /* KeyboardViewController.h */ = {isa = PBXFileReference; lastKnownFileType = sourcecode.c.h; path = KeyboardViewController.h; sourceTree = "<group>"; };
		77D48A2E1B07F68E0087EE12 /* KeyboardViewController.m */ = {isa = PBXFileReference; lastKnownFileType = sourcecode.c.objc; path = KeyboardViewController.m; sourceTree = "<group>"; };
/* End PBXFileReference section */

/* Begin PBXFrameworksBuildPhase section */
		77C02F1C1AFE404B00AF8997 /* Frameworks */ = {
			isa = PBXFrameworksBuildPhase;
			buildActionMask = 2147483647;
			files = (
			);
			runOnlyForDeploymentPostprocessing = 0;
		};
		77C02F381AFE404B00AF8997 /* Frameworks */ = {
			isa = PBXFrameworksBuildPhase;
			buildActionMask = 2147483647;
			files = (
			);
			runOnlyForDeploymentPostprocessing = 0;
		};
		77D48A261B07F68E0087EE12 /* Frameworks */ = {
			isa = PBXFrameworksBuildPhase;
			buildActionMask = 2147483647;
			files = (
			);
			runOnlyForDeploymentPostprocessing = 0;
		};
/* End PBXFrameworksBuildPhase section */

/* Begin PBXGroup section */
		1C639B291B07A78200E1F4EF /* resources */ = {
			isa = PBXGroup;
			children = (
				1C639B311B07CEC300E1F4EF /* images */,
				1C639B2A1B07A78C00E1F4EF /* fonts */,
			);
			name = resources;
			sourceTree = "<group>";
		};
		1C639B2A1B07A78C00E1F4EF /* fonts */ = {
			isa = PBXGroup;
			children = (
				1C639B2D1B07A7E900E1F4EF /* JosefinSans-Bold.ttf */,
				1C639B2E1B07A7E900E1F4EF /* JosefinSans-Light.ttf */,
			);
			name = fonts;
			sourceTree = "<group>";
		};
		1C639B311B07CEC300E1F4EF /* images */ = {
			isa = PBXGroup;
			children = (
				1C639B321B07CED200E1F4EF /* TextField1.png */,
			);
			name = images;
			sourceTree = "<group>";
		};
		1CD9259A1B059F0600533B91 /* model */ = {
			isa = PBXGroup;
			children = (
				1CD9259D1B059F8C00533B91 /* Key.h */,
				1CD9259E1B059F8C00533B91 /* Key.m */,
				1CD925A01B059FD300533B91 /* KeyStore.h */,
				1CD925A11B059FD300533B91 /* KeyStore.m */,
				1CD925A31B05AB5300533B91 /* KeyTableViewCell.h */,
				1CD925A41B05AB5300533B91 /* KeyTableViewCell.m */,
			);
			name = model;
			sourceTree = "<group>";
		};
		1CD9259B1B059F1100533B91 /* controller */ = {
			isa = PBXGroup;
			children = (
				77C02F2C1AFE404B00AF8997 /* CKBMainViewController.h */,
				77C02F2D1AFE404B00AF8997 /* CKBMainViewController.m */,
			);
			name = controller;
			sourceTree = "<group>";
		};
		1CD9259C1B059F1F00533B91 /* view */ = {
			isa = PBXGroup;
			children = (
				77C02F2F1AFE404B00AF8997 /* Main.storyboard */,
			);
			name = view;
			sourceTree = "<group>";
		};
		77C02F161AFE404B00AF8997 = {
			isa = PBXGroup;
			children = (
				77C02F211AFE404B00AF8997 /* ckeyboard */,
				77C02F3E1AFE404B00AF8997 /* ckeyboardTests */,
				77D48A2A1B07F68E0087EE12 /* Keyboard */,
				77C02F201AFE404B00AF8997 /* Products */,
			);
			sourceTree = "<group>";
		};
		77C02F201AFE404B00AF8997 /* Products */ = {
			isa = PBXGroup;
			children = (
				77C02F1F1AFE404B00AF8997 /* ckeyboard.app */,
				77C02F3B1AFE404B00AF8997 /* ckeyboardTests.xctest */,
				77D48A291B07F68E0087EE12 /* Keyboard.appex */,
			);
			name = Products;
			sourceTree = "<group>";
		};
		77C02F211AFE404B00AF8997 /* ckeyboard */ = {
			isa = PBXGroup;
			children = (
				77C02F261AFE404B00AF8997 /* AppDelegate.h */,
				77C02F271AFE404B00AF8997 /* AppDelegate.m */,
				1CD9259A1B059F0600533B91 /* model */,
				1CD9259B1B059F1100533B91 /* controller */,
				1CD9259C1B059F1F00533B91 /* view */,
				1C639B291B07A78200E1F4EF /* resources */,
				77C02F321AFE404B00AF8997 /* Images.xcassets */,
				77C02F341AFE404B00AF8997 /* LaunchScreen.xib */,
				77C02F291AFE404B00AF8997 /* ckeyboard.xcdatamodeld */,
				77C02F221AFE404B00AF8997 /* Supporting Files */,
			);
			path = ckeyboard;
			sourceTree = "<group>";
		};
		77C02F221AFE404B00AF8997 /* Supporting Files */ = {
			isa = PBXGroup;
			children = (
				77C02F231AFE404B00AF8997 /* Info.plist */,
				77C02F241AFE404B00AF8997 /* main.m */,
			);
			name = "Supporting Files";
			sourceTree = "<group>";
		};
		77C02F3E1AFE404B00AF8997 /* ckeyboardTests */ = {
			isa = PBXGroup;
			children = (
				77C02F411AFE404B00AF8997 /* ckeyboardTests.m */,
				77C02F3F1AFE404B00AF8997 /* Supporting Files */,
			);
			path = ckeyboardTests;
			sourceTree = "<group>";
		};
		77C02F3F1AFE404B00AF8997 /* Supporting Files */ = {
			isa = PBXGroup;
			children = (
				77C02F401AFE404B00AF8997 /* Info.plist */,
			);
			name = "Supporting Files";
			sourceTree = "<group>";
		};
		77D48A2A1B07F68E0087EE12 /* Keyboard */ = {
			isa = PBXGroup;
			children = (
				77D48A2D1B07F68E0087EE12 /* KeyboardViewController.h */,
				77D48A2E1B07F68E0087EE12 /* KeyboardViewController.m */,
				77B751571B0808F400D34784 /* Storyboard.storyboard */,
				77D48A2B1B07F68E0087EE12 /* Supporting Files */,
			);
			path = Keyboard;
			sourceTree = "<group>";
		};
		77D48A2B1B07F68E0087EE12 /* Supporting Files */ = {
			isa = PBXGroup;
			children = (
				77D48A2C1B07F68E0087EE12 /* Info.plist */,
			);
			name = "Supporting Files";
			sourceTree = "<group>";
		};
/* End PBXGroup section */

/* Begin PBXNativeTarget section */
		77C02F1E1AFE404B00AF8997 /* ckeyboard */ = {
			isa = PBXNativeTarget;
			buildConfigurationList = 77C02F451AFE404B00AF8997 /* Build configuration list for PBXNativeTarget "ckeyboard" */;
			buildPhases = (
				77C02F1B1AFE404B00AF8997 /* Sources */,
				77C02F1C1AFE404B00AF8997 /* Frameworks */,
				77C02F1D1AFE404B00AF8997 /* Resources */,
				77D48A361B07F68E0087EE12 /* Embed App Extensions */,
			);
			buildRules = (
			);
			dependencies = (
				77D48A311B07F68E0087EE12 /* PBXTargetDependency */,
			);
			name = ckeyboard;
			productName = ckeyboard;
			productReference = 77C02F1F1AFE404B00AF8997 /* ckeyboard.app */;
			productType = "com.apple.product-type.application";
		};
		77C02F3A1AFE404B00AF8997 /* ckeyboardTests */ = {
			isa = PBXNativeTarget;
			buildConfigurationList = 77C02F481AFE404B00AF8997 /* Build configuration list for PBXNativeTarget "ckeyboardTests" */;
			buildPhases = (
				77C02F371AFE404B00AF8997 /* Sources */,
				77C02F381AFE404B00AF8997 /* Frameworks */,
				77C02F391AFE404B00AF8997 /* Resources */,
			);
			buildRules = (
			);
			dependencies = (
				77C02F3D1AFE404B00AF8997 /* PBXTargetDependency */,
			);
			name = ckeyboardTests;
			productName = ckeyboardTests;
			productReference = 77C02F3B1AFE404B00AF8997 /* ckeyboardTests.xctest */;
			productType = "com.apple.product-type.bundle.unit-test";
		};
		77D48A281B07F68E0087EE12 /* Keyboard */ = {
			isa = PBXNativeTarget;
			buildConfigurationList = 77D48A351B07F68E0087EE12 /* Build configuration list for PBXNativeTarget "Keyboard" */;
			buildPhases = (
				77D48A251B07F68E0087EE12 /* Sources */,
				77D48A261B07F68E0087EE12 /* Frameworks */,
				77D48A271B07F68E0087EE12 /* Resources */,
			);
			buildRules = (
			);
			dependencies = (
			);
			name = Keyboard;
			productName = Keyboard;
			productReference = 77D48A291B07F68E0087EE12 /* Keyboard.appex */;
			productType = "com.apple.product-type.app-extension";
		};
/* End PBXNativeTarget section */

/* Begin PBXProject section */
		77C02F171AFE404B00AF8997 /* Project object */ = {
			isa = PBXProject;
			attributes = {
				LastUpgradeCheck = 0630;
				ORGANIZATIONNAME = "BEPiD Fucapi";
				TargetAttributes = {
					77C02F1E1AFE404B00AF8997 = {
						CreatedOnToolsVersion = 6.3;
					};
					77C02F3A1AFE404B00AF8997 = {
						CreatedOnToolsVersion = 6.3;
						TestTargetID = 77C02F1E1AFE404B00AF8997;
					};
					77D48A281B07F68E0087EE12 = {
						CreatedOnToolsVersion = 6.3;
					};
				};
			};
			buildConfigurationList = 77C02F1A1AFE404B00AF8997 /* Build configuration list for PBXProject "ckeyboard" */;
			compatibilityVersion = "Xcode 3.2";
			developmentRegion = English;
			hasScannedForEncodings = 0;
			knownRegions = (
				en,
				Base,
			);
			mainGroup = 77C02F161AFE404B00AF8997;
			productRefGroup = 77C02F201AFE404B00AF8997 /* Products */;
			projectDirPath = "";
			projectRoot = "";
			targets = (
				77C02F1E1AFE404B00AF8997 /* ckeyboard */,
				77C02F3A1AFE404B00AF8997 /* ckeyboardTests */,
				77D48A281B07F68E0087EE12 /* Keyboard */,
			);
		};
/* End PBXProject section */

/* Begin PBXResourcesBuildPhase section */
		77C02F1D1AFE404B00AF8997 /* Resources */ = {
			isa = PBXResourcesBuildPhase;
			buildActionMask = 2147483647;
			files = (
				77C02F311AFE404B00AF8997 /* Main.storyboard in Resources */,
				1C639B2F1B07A7E900E1F4EF /* JosefinSans-Bold.ttf in Resources */,
				77C02F361AFE404B00AF8997 /* LaunchScreen.xib in Resources */,
				1C639B301B07A7E900E1F4EF /* JosefinSans-Light.ttf in Resources */,
				77C02F331AFE404B00AF8997 /* Images.xcassets in Resources */,
				1C639B331B07CED200E1F4EF /* TextField1.png in Resources */,
			);
			runOnlyForDeploymentPostprocessing = 0;
		};
		77C02F391AFE404B00AF8997 /* Resources */ = {
			isa = PBXResourcesBuildPhase;
			buildActionMask = 2147483647;
			files = (
			);
			runOnlyForDeploymentPostprocessing = 0;
		};
		77D48A271B07F68E0087EE12 /* Resources */ = {
			isa = PBXResourcesBuildPhase;
			buildActionMask = 2147483647;
			files = (
				77B751581B0808F400D34784 /* Storyboard.storyboard in Resources */,
			);
			runOnlyForDeploymentPostprocessing = 0;
		};
/* End PBXResourcesBuildPhase section */

/* Begin PBXSourcesBuildPhase section */
		77C02F1B1AFE404B00AF8997 /* Sources */ = {
			isa = PBXSourcesBuildPhase;
			buildActionMask = 2147483647;
			files = (
				77C02F2B1AFE404B00AF8997 /* ckeyboard.xcdatamodeld in Sources */,
				1CD925A21B059FD300533B91 /* KeyStore.m in Sources */,
				77C02F281AFE404B00AF8997 /* AppDelegate.m in Sources */,
				1CD925A51B05AB5300533B91 /* KeyTableViewCell.m in Sources */,
				77C02F2E1AFE404B00AF8997 /* CKBMainViewController.m in Sources */,
				77C02F251AFE404B00AF8997 /* main.m in Sources */,
				1CD9259F1B059F8C00533B91 /* Key.m in Sources */,
			);
			runOnlyForDeploymentPostprocessing = 0;
		};
		77C02F371AFE404B00AF8997 /* Sources */ = {
			isa = PBXSourcesBuildPhase;
			buildActionMask = 2147483647;
			files = (
				77C02F421AFE404B00AF8997 /* ckeyboardTests.m in Sources */,
			);
			runOnlyForDeploymentPostprocessing = 0;
		};
		77D48A251B07F68E0087EE12 /* Sources */ = {
			isa = PBXSourcesBuildPhase;
			buildActionMask = 2147483647;
			files = (
				77D48A2F1B07F68E0087EE12 /* KeyboardViewController.m in Sources */,
			);
			runOnlyForDeploymentPostprocessing = 0;
		};
/* End PBXSourcesBuildPhase section */

/* Begin PBXTargetDependency section */
		77C02F3D1AFE404B00AF8997 /* PBXTargetDependency */ = {
			isa = PBXTargetDependency;
			target = 77C02F1E1AFE404B00AF8997 /* ckeyboard */;
			targetProxy = 77C02F3C1AFE404B00AF8997 /* PBXContainerItemProxy */;
		};
		77D48A311B07F68E0087EE12 /* PBXTargetDependency */ = {
			isa = PBXTargetDependency;
			target = 77D48A281B07F68E0087EE12 /* Keyboard */;
			targetProxy = 77D48A301B07F68E0087EE12 /* PBXContainerItemProxy */;
		};
/* End PBXTargetDependency section */

/* Begin PBXVariantGroup section */
		77C02F2F1AFE404B00AF8997 /* Main.storyboard */ = {
			isa = PBXVariantGroup;
			children = (
				77C02F301AFE404B00AF8997 /* Base */,
			);
			name = Main.storyboard;
			sourceTree = "<group>";
		};
		77C02F341AFE404B00AF8997 /* LaunchScreen.xib */ = {
			isa = PBXVariantGroup;
			children = (
				77C02F351AFE404B00AF8997 /* Base */,
			);
			name = LaunchScreen.xib;
			sourceTree = "<group>";
		};
/* End PBXVariantGroup section */

/* Begin XCBuildConfiguration section */
		77C02F431AFE404B00AF8997 /* Debug */ = {
			isa = XCBuildConfiguration;
			buildSettings = {
				ALWAYS_SEARCH_USER_PATHS = NO;
				CLANG_CXX_LANGUAGE_STANDARD = "gnu++0x";
				CLANG_CXX_LIBRARY = "libc++";
				CLANG_ENABLE_MODULES = YES;
				CLANG_ENABLE_OBJC_ARC = YES;
				CLANG_WARN_BOOL_CONVERSION = YES;
				CLANG_WARN_CONSTANT_CONVERSION = YES;
				CLANG_WARN_DIRECT_OBJC_ISA_USAGE = YES_ERROR;
				CLANG_WARN_EMPTY_BODY = YES;
				CLANG_WARN_ENUM_CONVERSION = YES;
				CLANG_WARN_INT_CONVERSION = YES;
				CLANG_WARN_OBJC_ROOT_CLASS = YES_ERROR;
				CLANG_WARN_UNREACHABLE_CODE = YES;
				CLANG_WARN__DUPLICATE_METHOD_MATCH = YES;
				"CODE_SIGN_IDENTITY[sdk=iphoneos*]" = "iPhone Developer";
				COPY_PHASE_STRIP = NO;
				DEBUG_INFORMATION_FORMAT = "dwarf-with-dsym";
				ENABLE_STRICT_OBJC_MSGSEND = YES;
				GCC_C_LANGUAGE_STANDARD = gnu99;
				GCC_DYNAMIC_NO_PIC = NO;
				GCC_NO_COMMON_BLOCKS = YES;
				GCC_OPTIMIZATION_LEVEL = 0;
				GCC_PREPROCESSOR_DEFINITIONS = (
					"DEBUG=1",
					"$(inherited)",
				);
				GCC_SYMBOLS_PRIVATE_EXTERN = NO;
				GCC_WARN_64_TO_32_BIT_CONVERSION = YES;
				GCC_WARN_ABOUT_RETURN_TYPE = YES_ERROR;
				GCC_WARN_UNDECLARED_SELECTOR = YES;
				GCC_WARN_UNINITIALIZED_AUTOS = YES_AGGRESSIVE;
				GCC_WARN_UNUSED_FUNCTION = YES;
				GCC_WARN_UNUSED_VARIABLE = YES;
				IPHONEOS_DEPLOYMENT_TARGET = 8.3;
				MTL_ENABLE_DEBUG_INFO = YES;
				ONLY_ACTIVE_ARCH = YES;
				SDKROOT = iphoneos;
			};
			name = Debug;
		};
		77C02F441AFE404B00AF8997 /* Release */ = {
			isa = XCBuildConfiguration;
			buildSettings = {
				ALWAYS_SEARCH_USER_PATHS = NO;
				CLANG_CXX_LANGUAGE_STANDARD = "gnu++0x";
				CLANG_CXX_LIBRARY = "libc++";
				CLANG_ENABLE_MODULES = YES;
				CLANG_ENABLE_OBJC_ARC = YES;
				CLANG_WARN_BOOL_CONVERSION = YES;
				CLANG_WARN_CONSTANT_CONVERSION = YES;
				CLANG_WARN_DIRECT_OBJC_ISA_USAGE = YES_ERROR;
				CLANG_WARN_EMPTY_BODY = YES;
				CLANG_WARN_ENUM_CONVERSION = YES;
				CLANG_WARN_INT_CONVERSION = YES;
				CLANG_WARN_OBJC_ROOT_CLASS = YES_ERROR;
				CLANG_WARN_UNREACHABLE_CODE = YES;
				CLANG_WARN__DUPLICATE_METHOD_MATCH = YES;
				"CODE_SIGN_IDENTITY[sdk=iphoneos*]" = "iPhone Developer";
				COPY_PHASE_STRIP = NO;
				DEBUG_INFORMATION_FORMAT = "dwarf-with-dsym";
				ENABLE_NS_ASSERTIONS = NO;
				ENABLE_STRICT_OBJC_MSGSEND = YES;
				GCC_C_LANGUAGE_STANDARD = gnu99;
				GCC_NO_COMMON_BLOCKS = YES;
				GCC_WARN_64_TO_32_BIT_CONVERSION = YES;
				GCC_WARN_ABOUT_RETURN_TYPE = YES_ERROR;
				GCC_WARN_UNDECLARED_SELECTOR = YES;
				GCC_WARN_UNINITIALIZED_AUTOS = YES_AGGRESSIVE;
				GCC_WARN_UNUSED_FUNCTION = YES;
				GCC_WARN_UNUSED_VARIABLE = YES;
				IPHONEOS_DEPLOYMENT_TARGET = 8.3;
				MTL_ENABLE_DEBUG_INFO = NO;
				SDKROOT = iphoneos;
				VALIDATE_PRODUCT = YES;
			};
			name = Release;
		};
		77C02F461AFE404B00AF8997 /* Debug */ = {
			isa = XCBuildConfiguration;
			buildSettings = {
				ASSETCATALOG_COMPILER_APPICON_NAME = AppIcon;
				INFOPLIST_FILE = ckeyboard/Info.plist;
				LD_RUNPATH_SEARCH_PATHS = "$(inherited) @executable_path/Frameworks";
				PRODUCT_NAME = "$(TARGET_NAME)";
			};
			name = Debug;
		};
		77C02F471AFE404B00AF8997 /* Release */ = {
			isa = XCBuildConfiguration;
			buildSettings = {
				ASSETCATALOG_COMPILER_APPICON_NAME = AppIcon;
				INFOPLIST_FILE = ckeyboard/Info.plist;
				LD_RUNPATH_SEARCH_PATHS = "$(inherited) @executable_path/Frameworks";
				PRODUCT_NAME = "$(TARGET_NAME)";
			};
			name = Release;
		};
		77C02F491AFE404B00AF8997 /* Debug */ = {
			isa = XCBuildConfiguration;
			buildSettings = {
				BUNDLE_LOADER = "$(TEST_HOST)";
				FRAMEWORK_SEARCH_PATHS = (
					"$(SDKROOT)/Developer/Library/Frameworks",
					"$(inherited)",
				);
				GCC_PREPROCESSOR_DEFINITIONS = (
					"DEBUG=1",
					"$(inherited)",
				);
				INFOPLIST_FILE = ckeyboardTests/Info.plist;
				LD_RUNPATH_SEARCH_PATHS = "$(inherited) @executable_path/Frameworks @loader_path/Frameworks";
				PRODUCT_NAME = "$(TARGET_NAME)";
				TEST_HOST = "$(BUILT_PRODUCTS_DIR)/ckeyboard.app/ckeyboard";
			};
			name = Debug;
		};
		77C02F4A1AFE404B00AF8997 /* Release */ = {
			isa = XCBuildConfiguration;
			buildSettings = {
				BUNDLE_LOADER = "$(TEST_HOST)";
				FRAMEWORK_SEARCH_PATHS = (
					"$(SDKROOT)/Developer/Library/Frameworks",
					"$(inherited)",
				);
				INFOPLIST_FILE = ckeyboardTests/Info.plist;
				LD_RUNPATH_SEARCH_PATHS = "$(inherited) @executable_path/Frameworks @loader_path/Frameworks";
				PRODUCT_NAME = "$(TARGET_NAME)";
				TEST_HOST = "$(BUILT_PRODUCTS_DIR)/ckeyboard.app/ckeyboard";
			};
			name = Release;
		};
		77D48A331B07F68E0087EE12 /* Debug */ = {
			isa = XCBuildConfiguration;
			buildSettings = {
				GCC_PREPROCESSOR_DEFINITIONS = (
					"DEBUG=1",
					"$(inherited)",
				);
				INFOPLIST_FILE = Keyboard/Info.plist;
				LD_RUNPATH_SEARCH_PATHS = "$(inherited) @executable_path/Frameworks @executable_path/../../Frameworks";
				PRODUCT_NAME = "$(TARGET_NAME)";
				SKIP_INSTALL = YES;
			};
			name = Debug;
		};
		77D48A341B07F68E0087EE12 /* Release */ = {
			isa = XCBuildConfiguration;
			buildSettings = {
				INFOPLIST_FILE = Keyboard/Info.plist;
				LD_RUNPATH_SEARCH_PATHS = "$(inherited) @executable_path/Frameworks @executable_path/../../Frameworks";
				PRODUCT_NAME = "$(TARGET_NAME)";
				SKIP_INSTALL = YES;
			};
			name = Release;
		};
/* End XCBuildConfiguration section */

/* Begin XCConfigurationList section */
		77C02F1A1AFE404B00AF8997 /* Build configuration list for PBXProject "ckeyboard" */ = {
			isa = XCConfigurationList;
			buildConfigurations = (
				77C02F431AFE404B00AF8997 /* Debug */,
				77C02F441AFE404B00AF8997 /* Release */,
			);
			defaultConfigurationIsVisible = 0;
			defaultConfigurationName = Release;
		};
		77C02F451AFE404B00AF8997 /* Build configuration list for PBXNativeTarget "ckeyboard" */ = {
			isa = XCConfigurationList;
			buildConfigurations = (
				77C02F461AFE404B00AF8997 /* Debug */,
				77C02F471AFE404B00AF8997 /* Release */,
			);
			defaultConfigurationIsVisible = 0;
			defaultConfigurationName = Release;
		};
		77C02F481AFE404B00AF8997 /* Build configuration list for PBXNativeTarget "ckeyboardTests" */ = {
			isa = XCConfigurationList;
			buildConfigurations = (
				77C02F491AFE404B00AF8997 /* Debug */,
				77C02F4A1AFE404B00AF8997 /* Release */,
			);
			defaultConfigurationIsVisible = 0;
			defaultConfigurationName = Release;
		};
		77D48A351B07F68E0087EE12 /* Build configuration list for PBXNativeTarget "Keyboard" */ = {
			isa = XCConfigurationList;
			buildConfigurations = (
				77D48A331B07F68E0087EE12 /* Debug */,
				77D48A341B07F68E0087EE12 /* Release */,
			);
			defaultConfigurationIsVisible = 0;
			defaultConfigurationName = Release;
		};
/* End XCConfigurationList section */

/* Begin XCVersionGroup section */
		77C02F291AFE404B00AF8997 /* ckeyboard.xcdatamodeld */ = {
			isa = XCVersionGroup;
			children = (
				77C02F2A1AFE404B00AF8997 /* ckeyboard.xcdatamodel */,
			);
			currentVersion = 77C02F2A1AFE404B00AF8997 /* ckeyboard.xcdatamodel */;
			path = ckeyboard.xcdatamodeld;
			sourceTree = "<group>";
			versionGroupType = wrapper.xcdatamodel;
		};
/* End XCVersionGroup section */
	};
	rootObject = 77C02F171AFE404B00AF8997 /* Project object */;
}
